// !$*UTF8*$!
{
	archiveVersion = 1;
	classes = {
	};
	objectVersion = 45;
	objects = {

/* Begin PBXBuildFile section */
		1610178C1277113900BFB705 /* FlipTransition.m in Sources */ = {isa = PBXBuildFile; fileRef = 1610178A1277113900BFB705 /* FlipTransition.m */; };
		1610178D1277113900BFB705 /* FlipTransition.xib in Resources */ = {isa = PBXBuildFile; fileRef = 1610178B1277113900BFB705 /* FlipTransition.xib */; };
		161018451277AB8700BFB705 /* SetCenter.m in Sources */ = {isa = PBXBuildFile; fileRef = 161018431277AB8700BFB705 /* SetCenter.m */; };
		161018461277AB8700BFB705 /* SetCenter.xib in Resources */ = {isa = PBXBuildFile; fileRef = 161018441277AB8700BFB705 /* SetCenter.xib */; };
		161018CA12787CE300BFB705 /* SetTransform.m in Sources */ = {isa = PBXBuildFile; fileRef = 161018C812787CE300BFB705 /* SetTransform.m */; };
		161018CB12787CE300BFB705 /* SetTransform.xib in Resources */ = {isa = PBXBuildFile; fileRef = 161018C912787CE300BFB705 /* SetTransform.xib */; };
		161019251278825C00BFB705 /* NestedAnimations.m in Sources */ = {isa = PBXBuildFile; fileRef = 161019231278825C00BFB705 /* NestedAnimations.m */; };
		161019261278825C00BFB705 /* NestedAnimations.xib in Resources */ = {isa = PBXBuildFile; fileRef = 161019241278825C00BFB705 /* NestedAnimations.xib */; };
		16101AE71278AE0100BFB705 /* BasicAnimation.m in Sources */ = {isa = PBXBuildFile; fileRef = 16101ADC1278AE0100BFB705 /* BasicAnimation.m */; };
		16101AE81278AE0100BFB705 /* main.m in Sources */ = {isa = PBXBuildFile; fileRef = 16101ADD1278AE0100BFB705 /* main.m */; };
		16101AE91278AE0100BFB705 /* MainWindow.xib in Resources */ = {isa = PBXBuildFile; fileRef = 16101ADE1278AE0100BFB705 /* MainWindow.xib */; };
		16101AEA1278AE0100BFB705 /* RootViewController.m in Sources */ = {isa = PBXBuildFile; fileRef = 16101AE01278AE0100BFB705 /* RootViewController.m */; };
		16101AEB1278AE0100BFB705 /* SampleManager.m in Sources */ = {isa = PBXBuildFile; fileRef = 16101AE21278AE0100BFB705 /* SampleManager.m */; };
		16101AEC1278AE0100BFB705 /* SetOpacity.m in Sources */ = {isa = PBXBuildFile; fileRef = 16101AE41278AE0100BFB705 /* SetOpacity.m */; };
		16101AED1278AE0100BFB705 /* StickyNote.m in Sources */ = {isa = PBXBuildFile; fileRef = 16101AE61278AE0100BFB705 /* StickyNote.m */; };
		16101BB61278B9A100BFB705 /* floorSmall.png in Resources */ = {isa = PBXBuildFile; fileRef = 16101BB31278B9A100BFB705 /* floorSmall.png */; };
		16101BB71278B9A100BFB705 /* meiInTank.png in Resources */ = {isa = PBXBuildFile; fileRef = 16101BB41278B9A100BFB705 /* meiInTank.png */; };
		16101BB81278B9A100BFB705 /* meiTankSm.png in Resources */ = {isa = PBXBuildFile; fileRef = 16101BB51278B9A100BFB705 /* meiTankSm.png */; };
		16208A39127227400033B511 /* QuartzCore.framework in Frameworks */ = {isa = PBXBuildFile; fileRef = 16208A38127227400033B511 /* QuartzCore.framework */; };
		163648C012767ADB0078AFE1 /* ChangePosition.m in Sources */ = {isa = PBXBuildFile; fileRef = 163648BE12767ADB0078AFE1 /* ChangePosition.m */; };
		163648C112767ADB0078AFE1 /* ChangePosition.xib in Resources */ = {isa = PBXBuildFile; fileRef = 163648BF12767ADB0078AFE1 /* ChangePosition.xib */; };
		163648C712767AE50078AFE1 /* ShadowPath.m in Sources */ = {isa = PBXBuildFile; fileRef = 163648C512767AE50078AFE1 /* ShadowPath.m */; };
		163648C812767AE50078AFE1 /* ShadowPath.xib in Resources */ = {isa = PBXBuildFile; fileRef = 163648C612767AE50078AFE1 /* ShadowPath.xib */; };
		1636497312769B570078AFE1 /* KeyFrame.m in Sources */ = {isa = PBXBuildFile; fileRef = 1636497112769B570078AFE1 /* KeyFrame.m */; };
		1636497412769B570078AFE1 /* KeyFrame.xib in Resources */ = {isa = PBXBuildFile; fileRef = 1636497212769B570078AFE1 /* KeyFrame.xib */; };
		1D3623260D0F684500981E51 /* AnimationTalkAppDelegate.m in Sources */ = {isa = PBXBuildFile; fileRef = 1D3623250D0F684500981E51 /* AnimationTalkAppDelegate.m */; };
		1D60589F0D05DD5A006BFB54 /* Foundation.framework in Frameworks */ = {isa = PBXBuildFile; fileRef = 1D30AB110D05D00D00671497 /* Foundation.framework */; };
		1DF5F4E00D08C38300B7A737 /* UIKit.framework in Frameworks */ = {isa = PBXBuildFile; fileRef = 1DF5F4DF0D08C38300B7A737 /* UIKit.framework */; };
		288765FD0DF74451002DB57D /* CoreGraphics.framework in Frameworks */ = {isa = PBXBuildFile; fileRef = 288765FC0DF74451002DB57D /* CoreGraphics.framework */; };
/* End PBXBuildFile section */

/* Begin PBXFileReference section */
		161017891277113900BFB705 /* FlipTransition.h */ = {isa = PBXFileReference; fileEncoding = 4; lastKnownFileType = sourcecode.c.h; path = FlipTransition.h; sourceTree = "<group>"; };
		1610178A1277113900BFB705 /* FlipTransition.m */ = {isa = PBXFileReference; fileEncoding = 4; lastKnownFileType = sourcecode.c.objc; path = FlipTransition.m; sourceTree = "<group>"; };
		1610178B1277113900BFB705 /* FlipTransition.xib */ = {isa = PBXFileReference; lastKnownFileType = file.xib; path = FlipTransition.xib; sourceTree = "<group>"; };
		161018421277AB8700BFB705 /* SetCenter.h */ = {isa = PBXFileReference; fileEncoding = 4; lastKnownFileType = sourcecode.c.h; path = SetCenter.h; sourceTree = "<group>"; };
		161018431277AB8700BFB705 /* SetCenter.m */ = {isa = PBXFileReference; fileEncoding = 4; lastKnownFileType = sourcecode.c.objc; path = SetCenter.m; sourceTree = "<group>"; };
		161018441277AB8700BFB705 /* SetCenter.xib */ = {isa = PBXFileReference; lastKnownFileType = file.xib; path = SetCenter.xib; sourceTree = "<group>"; };
		161018C712787CE300BFB705 /* SetTransform.h */ = {isa = PBXFileReference; fileEncoding = 4; lastKnownFileType = sourcecode.c.h; path = SetTransform.h; sourceTree = "<group>"; };
		161018C812787CE300BFB705 /* SetTransform.m */ = {isa = PBXFileReference; fileEncoding = 4; lastKnownFileType = sourcecode.c.objc; path = SetTransform.m; sourceTree = "<group>"; };
		161018C912787CE300BFB705 /* SetTransform.xib */ = {isa = PBXFileReference; lastKnownFileType = file.xib; path = SetTransform.xib; sourceTree = "<group>"; };
		161019221278825C00BFB705 /* NestedAnimations.h */ = {isa = PBXFileReference; fileEncoding = 4; lastKnownFileType = sourcecode.c.h; path = NestedAnimations.h; sourceTree = "<group>"; };
		161019231278825C00BFB705 /* NestedAnimations.m */ = {isa = PBXFileReference; fileEncoding = 4; lastKnownFileType = sourcecode.c.objc; path = NestedAnimations.m; sourceTree = "<group>"; };
		161019241278825C00BFB705 /* NestedAnimations.xib */ = {isa = PBXFileReference; lastKnownFileType = file.xib; path = NestedAnimations.xib; sourceTree = "<group>"; };
		16101ADB1278AE0100BFB705 /* BasicAnimation.h */ = {isa = PBXFileReference; fileEncoding = 4; lastKnownFileType = sourcecode.c.h; name = BasicAnimation.h; path = Classes/BasicAnimation.h; sourceTree = "<group>"; };
		16101ADC1278AE0100BFB705 /* BasicAnimation.m */ = {isa = PBXFileReference; fileEncoding = 4; lastKnownFileType = sourcecode.c.objc; name = BasicAnimation.m; path = Classes/BasicAnimation.m; sourceTree = "<group>"; };
		16101ADD1278AE0100BFB705 /* main.m */ = {isa = PBXFileReference; fileEncoding = 4; lastKnownFileType = sourcecode.c.objc; name = main.m; path = Classes/main.m; sourceTree = "<group>"; };
		16101ADE1278AE0100BFB705 /* MainWindow.xib */ = {isa = PBXFileReference; lastKnownFileType = file.xib; name = MainWindow.xib; path = Classes/MainWindow.xib; sourceTree = "<group>"; };
		16101ADF1278AE0100BFB705 /* RootViewController.h */ = {isa = PBXFileReference; fileEncoding = 4; lastKnownFileType = sourcecode.c.h; name = RootViewController.h; path = Classes/RootViewController.h; sourceTree = "<group>"; };
		16101AE01278AE0100BFB705 /* RootViewController.m */ = {isa = PBXFileReference; fileEncoding = 4; lastKnownFileType = sourcecode.c.objc; name = RootViewController.m; path = Classes/RootViewController.m; sourceTree = "<group>"; };
		16101AE11278AE0100BFB705 /* SampleManager.h */ = {isa = PBXFileReference; fileEncoding = 4; lastKnownFileType = sourcecode.c.h; name = SampleManager.h; path = Classes/SampleManager.h; sourceTree = "<group>"; };
		16101AE21278AE0100BFB705 /* SampleManager.m */ = {isa = PBXFileReference; fileEncoding = 4; lastKnownFileType = sourcecode.c.objc; name = SampleManager.m; path = Classes/SampleManager.m; sourceTree = "<group>"; };
		16101AE31278AE0100BFB705 /* SetOpacity.h */ = {isa = PBXFileReference; fileEncoding = 4; lastKnownFileType = sourcecode.c.h; path = SetOpacity.h; sourceTree = "<group>"; };
		16101AE41278AE0100BFB705 /* SetOpacity.m */ = {isa = PBXFileReference; fileEncoding = 4; lastKnownFileType = sourcecode.c.objc; path = SetOpacity.m; sourceTree = "<group>"; };
		16101AE51278AE0100BFB705 /* StickyNote.h */ = {isa = PBXFileReference; fileEncoding = 4; lastKnownFileType = sourcecode.c.h; path = StickyNote.h; sourceTree = "<group>"; };
		16101AE61278AE0100BFB705 /* StickyNote.m */ = {isa = PBXFileReference; fileEncoding = 4; lastKnownFileType = sourcecode.c.objc; path = StickyNote.m; sourceTree = "<group>"; };
		16101B081278AF1200BFB705 /* AnimationTalk_Prefix.pch */ = {isa = PBXFileReference; fileEncoding = 4; lastKnownFileType = sourcecode.c.h; path = AnimationTalk_Prefix.pch; sourceTree = "<group>"; };
		16101BB31278B9A100BFB705 /* floorSmall.png */ = {isa = PBXFileReference; lastKnownFileType = image.png; name = floorSmall.png; path = Resources/floorSmall.png; sourceTree = "<group>"; };
		16101BB41278B9A100BFB705 /* meiInTank.png */ = {isa = PBXFileReference; lastKnownFileType = image.png; name = meiInTank.png; path = Resources/meiInTank.png; sourceTree = "<group>"; };
		16101BB51278B9A100BFB705 /* meiTankSm.png */ = {isa = PBXFileReference; lastKnownFileType = image.png; name = meiTankSm.png; path = Resources/meiTankSm.png; sourceTree = "<group>"; };
		16208A38127227400033B511 /* QuartzCore.framework */ = {isa = PBXFileReference; lastKnownFileType = wrapper.framework; name = QuartzCore.framework; path = System/Library/Frameworks/QuartzCore.framework; sourceTree = SDKROOT; };
		163648BD12767ADB0078AFE1 /* ChangePosition.h */ = {isa = PBXFileReference; fileEncoding = 4; lastKnownFileType = sourcecode.c.h; name = ChangePosition.h; path = Classes/ChangePosition.h; sourceTree = "<group>"; };
		163648BE12767ADB0078AFE1 /* ChangePosition.m */ = {isa = PBXFileReference; fileEncoding = 4; lastKnownFileType = sourcecode.c.objc; name = ChangePosition.m; path = Classes/ChangePosition.m; sourceTree = "<group>"; };
		163648BF12767ADB0078AFE1 /* ChangePosition.xib */ = {isa = PBXFileReference; lastKnownFileType = file.xib; name = ChangePosition.xib; path = Classes/ChangePosition.xib; sourceTree = "<group>"; };
		163648C412767AE50078AFE1 /* ShadowPath.h */ = {isa = PBXFileReference; fileEncoding = 4; lastKnownFileType = sourcecode.c.h; name = ShadowPath.h; path = Classes/ShadowPath.h; sourceTree = "<group>"; };
		163648C512767AE50078AFE1 /* ShadowPath.m */ = {isa = PBXFileReference; fileEncoding = 4; lastKnownFileType = sourcecode.c.objc; name = ShadowPath.m; path = Classes/ShadowPath.m; sourceTree = "<group>"; };
		163648C612767AE50078AFE1 /* ShadowPath.xib */ = {isa = PBXFileReference; lastKnownFileType = file.xib; name = ShadowPath.xib; path = Classes/ShadowPath.xib; sourceTree = "<group>"; };
		1636497012769B570078AFE1 /* KeyFrame.h */ = {isa = PBXFileReference; fileEncoding = 4; lastKnownFileType = sourcecode.c.h; name = KeyFrame.h; path = Classes/KeyFrame.h; sourceTree = "<group>"; };
		1636497112769B570078AFE1 /* KeyFrame.m */ = {isa = PBXFileReference; fileEncoding = 4; lastKnownFileType = sourcecode.c.objc; name = KeyFrame.m; path = Classes/KeyFrame.m; sourceTree = "<group>"; };
		1636497212769B570078AFE1 /* KeyFrame.xib */ = {isa = PBXFileReference; lastKnownFileType = file.xib; name = KeyFrame.xib; path = Classes/KeyFrame.xib; sourceTree = "<group>"; };
		1D30AB110D05D00D00671497 /* Foundation.framework */ = {isa = PBXFileReference; lastKnownFileType = wrapper.framework; name = Foundation.framework; path = System/Library/Frameworks/Foundation.framework; sourceTree = SDKROOT; };
		1D3623240D0F684500981E51 /* AnimationTalkAppDelegate.h */ = {isa = PBXFileReference; fileEncoding = 4; lastKnownFileType = sourcecode.c.h; name = AnimationTalkAppDelegate.h; path = Classes/AnimationTalkAppDelegate.h; sourceTree = "<group>"; };
		1D3623250D0F684500981E51 /* AnimationTalkAppDelegate.m */ = {isa = PBXFileReference; fileEncoding = 4; lastKnownFileType = sourcecode.c.objc; name = AnimationTalkAppDelegate.m; path = Classes/AnimationTalkAppDelegate.m; sourceTree = "<group>"; };
		1D6058910D05DD3D006BFB54 /* AnimationTalk.app */ = {isa = PBXFileReference; explicitFileType = wrapper.application; includeInIndex = 0; path = AnimationTalk.app; sourceTree = BUILT_PRODUCTS_DIR; };
		1DF5F4DF0D08C38300B7A737 /* UIKit.framework */ = {isa = PBXFileReference; lastKnownFileType = wrapper.framework; name = UIKit.framework; path = System/Library/Frameworks/UIKit.framework; sourceTree = SDKROOT; };
		288765FC0DF74451002DB57D /* CoreGraphics.framework */ = {isa = PBXFileReference; lastKnownFileType = wrapper.framework; name = CoreGraphics.framework; path = System/Library/Frameworks/CoreGraphics.framework; sourceTree = SDKROOT; };
		8D1107310486CEB800E47090 /* AnimationTalk-Info.plist */ = {isa = PBXFileReference; fileEncoding = 4; lastKnownFileType = text.plist.xml; path = "AnimationTalk-Info.plist"; plistStructureDefinitionIdentifier = "com.apple.xcode.plist.structure-definition.iphone.info-plist"; sourceTree = "<group>"; };
/* End PBXFileReference section */

/* Begin PBXFrameworksBuildPhase section */
		1D60588F0D05DD3D006BFB54 /* Frameworks */ = {
			isa = PBXFrameworksBuildPhase;
			buildActionMask = 2147483647;
			files = (
				1D60589F0D05DD5A006BFB54 /* Foundation.framework in Frameworks */,
				1DF5F4E00D08C38300B7A737 /* UIKit.framework in Frameworks */,
				288765FD0DF74451002DB57D /* CoreGraphics.framework in Frameworks */,
				16208A39127227400033B511 /* QuartzCore.framework in Frameworks */,
			);
			runOnlyForDeploymentPostprocessing = 0;
		};
/* End PBXFrameworksBuildPhase section */

/* Begin PBXGroup section */
		080E96DDFE201D6D7F000001 /* UIView Animations */ = {
			isa = PBXGroup;
			children = (
				16101AE31278AE0100BFB705 /* SetOpacity.h */,
				16101AE41278AE0100BFB705 /* SetOpacity.m */,
				16101AE51278AE0100BFB705 /* StickyNote.h */,
				16101AE61278AE0100BFB705 /* StickyNote.m */,
				161018C712787CE300BFB705 /* SetTransform.h */,
				161018C812787CE300BFB705 /* SetTransform.m */,
				161018C912787CE300BFB705 /* SetTransform.xib */,
				161017891277113900BFB705 /* FlipTransition.h */,
				1610178A1277113900BFB705 /* FlipTransition.m */,
				1610178B1277113900BFB705 /* FlipTransition.xib */,
				161018421277AB8700BFB705 /* SetCenter.h */,
				161018431277AB8700BFB705 /* SetCenter.m */,
				161018441277AB8700BFB705 /* SetCenter.xib */,
				161019221278825C00BFB705 /* NestedAnimations.h */,
				161019231278825C00BFB705 /* NestedAnimations.m */,
				161019241278825C00BFB705 /* NestedAnimations.xib */,
			);
			name = "UIView Animations";
			path = Classes;
			sourceTree = "<group>";
		};
		161017781276BEC800BFB705 /* CA Implicit Animations */ = {
			isa = PBXGroup;
			children = (
				163648BD12767ADB0078AFE1 /* ChangePosition.h */,
				163648BE12767ADB0078AFE1 /* ChangePosition.m */,
				163648BF12767ADB0078AFE1 /* ChangePosition.xib */,
				163648C412767AE50078AFE1 /* ShadowPath.h */,
				163648C512767AE50078AFE1 /* ShadowPath.m */,
				163648C612767AE50078AFE1 /* ShadowPath.xib */,
			);
			name = "CA Implicit Animations";
			sourceTree = "<group>";
		};
		161017791276BEE200BFB705 /* CA Explicit Animations */ = {
			isa = PBXGroup;
			children = (
				16101ADB1278AE0100BFB705 /* BasicAnimation.h */,
				16101ADC1278AE0100BFB705 /* BasicAnimation.m */,
				1636497012769B570078AFE1 /* KeyFrame.h */,
				1636497112769B570078AFE1 /* KeyFrame.m */,
				1636497212769B570078AFE1 /* KeyFrame.xib */,
			);
			name = "CA Explicit Animations";
			sourceTree = "<group>";
		};
		1610177A1276BF4B00BFB705 /* Classes */ = {
			isa = PBXGroup;
			children = (
				080E96DDFE201D6D7F000001 /* UIView Animations */,
				161017781276BEC800BFB705 /* CA Implicit Animations */,
				161017791276BEE200BFB705 /* CA Explicit Animations */,
				1636470012756DBB0078AFE1 /* Based on files from neror */,
				29B97315FDCFA39411CA2CEA /* Other Sources */,
			);
			name = Classes;
			sourceTree = "<group>";
		};
		1636470012756DBB0078AFE1 /* Based on files from neror */ = {
			isa = PBXGroup;
			children = (
				16101ADF1278AE0100BFB705 /* RootViewController.h */,
				16101AE01278AE0100BFB705 /* RootViewController.m */,
				16101AE11278AE0100BFB705 /* SampleManager.h */,
				16101AE21278AE0100BFB705 /* SampleManager.m */,
			);
			name = "Based on files from neror";
			sourceTree = "<group>";
		};
		19C28FACFE9D520D11CA2CBB /* Products */ = {
			isa = PBXGroup;
			children = (
				1D6058910D05DD3D006BFB54 /* AnimationTalk.app */,
			);
			name = Products;
			sourceTree = "<group>";
		};
		29B97314FDCFA39411CA2CEA /* CustomTemplate */ = {
			isa = PBXGroup;
			children = (
				1610177A1276BF4B00BFB705 /* Classes */,
				29B97317FDCFA39411CA2CEA /* Resources */,
				29B97323FDCFA39411CA2CEA /* Frameworks */,
				19C28FACFE9D520D11CA2CBB /* Products */,
			);
			name = CustomTemplate;
			sourceTree = "<group>";
		};
		29B97315FDCFA39411CA2CEA /* Other Sources */ = {
			isa = PBXGroup;
			children = (
				16101B081278AF1200BFB705 /* AnimationTalk_Prefix.pch */,
				16101ADD1278AE0100BFB705 /* main.m */,
				1D3623240D0F684500981E51 /* AnimationTalkAppDelegate.h */,
				1D3623250D0F684500981E51 /* AnimationTalkAppDelegate.m */,
			);
			name = "Other Sources";
			sourceTree = "<group>";
		};
		29B97317FDCFA39411CA2CEA /* Resources */ = {
			isa = PBXGroup;
			children = (
				16101BB31278B9A100BFB705 /* floorSmall.png */,
				16101BB41278B9A100BFB705 /* meiInTank.png */,
				16101BB51278B9A100BFB705 /* meiTankSm.png */,
				16101ADE1278AE0100BFB705 /* MainWindow.xib */,
				8D1107310486CEB800E47090 /* AnimationTalk-Info.plist */,
			);
			name = Resources;
			sourceTree = "<group>";
		};
		29B97323FDCFA39411CA2CEA /* Frameworks */ = {
			isa = PBXGroup;
			children = (
				1DF5F4DF0D08C38300B7A737 /* UIKit.framework */,
				1D30AB110D05D00D00671497 /* Foundation.framework */,
				288765FC0DF74451002DB57D /* CoreGraphics.framework */,
				16208A38127227400033B511 /* QuartzCore.framework */,
			);
			name = Frameworks;
			sourceTree = "<group>";
		};
/* End PBXGroup section */

/* Begin PBXNativeTarget section */
		1D6058900D05DD3D006BFB54 /* AnimationTalk */ = {
			isa = PBXNativeTarget;
			buildConfigurationList = 1D6058960D05DD3E006BFB54 /* Build configuration list for PBXNativeTarget "AnimationTalk" */;
			buildPhases = (
				1D60588D0D05DD3D006BFB54 /* Resources */,
				1D60588E0D05DD3D006BFB54 /* Sources */,
				1D60588F0D05DD3D006BFB54 /* Frameworks */,
			);
			buildRules = (
			);
			dependencies = (
			);
			name = AnimationTalk;
			productName = AnimationTalk;
			productReference = 1D6058910D05DD3D006BFB54 /* AnimationTalk.app */;
			productType = "com.apple.product-type.application";
		};
/* End PBXNativeTarget section */

/* Begin PBXProject section */
		29B97313FDCFA39411CA2CEA /* Project object */ = {
			isa = PBXProject;
			buildConfigurationList = C01FCF4E08A954540054247B /* Build configuration list for PBXProject "AnimationTalk" */;
			compatibilityVersion = "Xcode 3.1";
			developmentRegion = English;
			hasScannedForEncodings = 1;
			knownRegions = (
				English,
				Japanese,
				French,
				German,
			);
			mainGroup = 29B97314FDCFA39411CA2CEA /* CustomTemplate */;
			projectDirPath = "";
			projectRoot = "";
			targets = (
				1D6058900D05DD3D006BFB54 /* AnimationTalk */,
			);
		};
/* End PBXProject section */

/* Begin PBXResourcesBuildPhase section */
		1D60588D0D05DD3D006BFB54 /* Resources */ = {
			isa = PBXResourcesBuildPhase;
			buildActionMask = 2147483647;
			files = (
				163648C112767ADB0078AFE1 /* ChangePosition.xib in Resources */,
				163648C812767AE50078AFE1 /* ShadowPath.xib in Resources */,
				1636497412769B570078AFE1 /* KeyFrame.xib in Resources */,
				1610178D1277113900BFB705 /* FlipTransition.xib in Resources */,
				161018461277AB8700BFB705 /* SetCenter.xib in Resources */,
				161018CB12787CE300BFB705 /* SetTransform.xib in Resources */,
				161019261278825C00BFB705 /* NestedAnimations.xib in Resources */,
				16101AE91278AE0100BFB705 /* MainWindow.xib in Resources */,
				16101BB61278B9A100BFB705 /* floorSmall.png in Resources */,
				16101BB71278B9A100BFB705 /* meiInTank.png in Resources */,
				16101BB81278B9A100BFB705 /* meiTankSm.png in Resources */,
			);
			runOnlyForDeploymentPostprocessing = 0;
		};
/* End PBXResourcesBuildPhase section */

/* Begin PBXSourcesBuildPhase section */
		1D60588E0D05DD3D006BFB54 /* Sources */ = {
			isa = PBXSourcesBuildPhase;
			buildActionMask = 2147483647;
			files = (
				1D3623260D0F684500981E51 /* AnimationTalkAppDelegate.m in Sources */,
				163648C012767ADB0078AFE1 /* ChangePosition.m in Sources */,
				163648C712767AE50078AFE1 /* ShadowPath.m in Sources */,
				1636497312769B570078AFE1 /* KeyFrame.m in Sources */,
				1610178C1277113900BFB705 /* FlipTransition.m in Sources */,
				161018451277AB8700BFB705 /* SetCenter.m in Sources */,
				161018CA12787CE300BFB705 /* SetTransform.m in Sources */,
				161019251278825C00BFB705 /* NestedAnimations.m in Sources */,
				16101AE71278AE0100BFB705 /* BasicAnimation.m in Sources */,
				16101AE81278AE0100BFB705 /* main.m in Sources */,
				16101AEA1278AE0100BFB705 /* RootViewController.m in Sources */,
				16101AEB1278AE0100BFB705 /* SampleManager.m in Sources */,
				16101AEC1278AE0100BFB705 /* SetOpacity.m in Sources */,
				16101AED1278AE0100BFB705 /* StickyNote.m in Sources */,
			);
			runOnlyForDeploymentPostprocessing = 0;
		};
/* End PBXSourcesBuildPhase section */

/* Begin XCBuildConfiguration section */
		1D6058940D05DD3E006BFB54 /* Debug */ = {
			isa = XCBuildConfiguration;
			buildSettings = {
				ALWAYS_SEARCH_USER_PATHS = NO;
				COPY_PHASE_STRIP = NO;
				GCC_DYNAMIC_NO_PIC = NO;
				GCC_OPTIMIZATION_LEVEL = 0;
				GCC_PRECOMPILE_PREFIX_HEADER = YES;
				GCC_PREFIX_HEADER = AnimationTalk_Prefix.pch;
				INFOPLIST_FILE = "AnimationTalk-Info.plist";
				PRODUCT_NAME = AnimationTalk;
			};
			name = Debug;
		};
		1D6058950D05DD3E006BFB54 /* Release */ = {
			isa = XCBuildConfiguration;
			buildSettings = {
				ALWAYS_SEARCH_USER_PATHS = NO;
				COPY_PHASE_STRIP = YES;
				GCC_PRECOMPILE_PREFIX_HEADER = YES;
				GCC_PREFIX_HEADER = AnimationTalk_Prefix.pch;
				INFOPLIST_FILE = "AnimationTalk-Info.plist";
				PRODUCT_NAME = AnimationTalk;
				VALIDATE_PRODUCT = YES;
			};
			name = Release;
		};
		C01FCF4F08A954540054247B /* Debug */ = {
			isa = XCBuildConfiguration;
			buildSettings = {
				ARCHS = "$(ARCHS_STANDARD_32_BIT)";
				"CODE_SIGN_IDENTITY[sdk=iphoneos*]" = "iPhone Developer";
				GCC_C_LANGUAGE_STANDARD = c99;
				GCC_VERSION = com.apple.compilers.llvmgcc42;
				GCC_WARN_ABOUT_RETURN_TYPE = YES;
				GCC_WARN_UNUSED_VARIABLE = YES;
				PREBINDING = NO;
				SDKROOT = iphoneos4.1;
			};
			name = Debug;
		};
		C01FCF5008A954540054247B /* Release */ = {
			isa = XCBuildConfiguration;
			buildSettings = {
				ARCHS = "$(ARCHS_STANDARD_32_BIT)";
				"CODE_SIGN_IDENTITY[sdk=iphoneos*]" = "iPhone Developer";
				GCC_C_LANGUAGE_STANDARD = c99;
				GCC_WARN_ABOUT_RETURN_TYPE = YES;
				GCC_WARN_UNUSED_VARIABLE = YES;
				OTHER_CFLAGS = "-DNS_BLOCK_ASSERTIONS=1";
				PREBINDING = NO;
				SDKROOT = iphoneos4.1;
			};
			name = Release;
		};
/* End XCBuildConfiguration section */

/* Begin XCConfigurationList section */
		1D6058960D05DD3E006BFB54 /* Build configuration list for PBXNativeTarget "AnimationTalk" */ = {
			isa = XCConfigurationList;
			buildConfigurations = (
				1D6058940D05DD3E006BFB54 /* Debug */,
				1D6058950D05DD3E006BFB54 /* Release */,
			);
			defaultConfigurationIsVisible = 0;
			defaultConfigurationName = Release;
		};
		C01FCF4E08A954540054247B /* Build configuration list for PBXProject "AnimationTalk" */ = {
			isa = XCConfigurationList;
			buildConfigurations = (
				C01FCF4F08A954540054247B /* Debug */,
				C01FCF5008A954540054247B /* Release */,
			);
			defaultConfigurationIsVisible = 0;
			defaultConfigurationName = Release;
		};
/* End XCConfigurationList section */
	};
	rootObject = 29B97313FDCFA39411CA2CEA /* Project object */;
}
